
Microsoft Visual Studio Solution File, Format Version 12.00
# Visual Studio 2012
Project("{FAE04EC0-301F-11D3-BF4B-00C04F79EFBC}") = "NumbersToWords", "NumbersToWords\NumbersToWords.csproj", "{BD7DA1C8-FF5D-4C8B-AB72-A3D8CDC0B77D}"
EndProject
Global
	GlobalSection(SolutionConfigurationPlatforms) = preSolution
		Debug|x86 = Debug|x86
		Release|x86 = Release|x86
	EndGlobalSection
	GlobalSection(ProjectConfigurationPlatforms) = postSolution
		{BD7DA1C8-FF5D-4C8B-AB72-A3D8CDC0B77D}.Debug|x86.ActiveCfg = Debug|x86
		{BD7DA1C8-FF5D-4C8B-AB72-A3D8CDC0B77D}.Debug|x86.Build.0 = Debug|x86
		{BD7DA1C8-FF5D-4C8B-AB72-A3D8CDC0B77D}.Release|x86.ActiveCfg = Release|x86
		{BD7DA1C8-FF5D-4C8B-AB72-A3D8CDC0B77D}.Release|x86.Build.0 = Release|x86
	EndGlobalSection
EndGlobal
